
Microsoft Visual Studio Solution File, Format Version 12.00
# Visual Studio Version 17
VisualStudioVersion = 17.5.33516.290
MinimumVisualStudioVersion = 10.0.40219.1
Project("{FAE04EC0-301F-11D3-BF4B-00C04F79EFBC}") = "EventosDal", "..\EventosDal\EventosDal.csproj", "{1A3B6568-977B-4488-9B03-BF560E5AF45D}"
EndProject
Project("{FAE04EC0-301F-11D3-BF4B-00C04F79EFBC}") = "EventosApi", "..\EventosApi\EventosApi.csproj", "{23FBA27D-BF25-4EF3-B2EE-FEE783A2559B}"
EndProject
Global
	GlobalSection(SolutionConfigurationPlatforms) = preSolution
		Debug|Any CPU = Debug|Any CPU
		Release|Any CPU = Release|Any CPU
	EndGlobalSection
	GlobalSection(ProjectConfigurationPlatforms) = postSolution
		{1A3B6568-977B-4488-9B03-BF560E5AF45D}.Debug|Any CPU.ActiveCfg = Debug|Any CPU
		{1A3B6568-977B-4488-9B03-BF560E5AF45D}.Debug|Any CPU.Build.0 = Debug|Any CPU
		{1A3B6568-977B-4488-9B03-BF560E5AF45D}.Release|Any CPU.ActiveCfg = Release|Any CPU
		{1A3B6568-977B-4488-9B03-BF560E5AF45D}.Release|Any CPU.Build.0 = Release|Any CPU
		{23FBA27D-BF25-4EF3-B2EE-FEE783A2559B}.Debug|Any CPU.ActiveCfg = Debug|Any CPU
		{23FBA27D-BF25-4EF3-B2EE-FEE783A2559B}.Debug|Any CPU.Build.0 = Debug|Any CPU
		{23FBA27D-BF25-4EF3-B2EE-FEE783A2559B}.Release|Any CPU.ActiveCfg = Release|Any CPU
		{23FBA27D-BF25-4EF3-B2EE-FEE783A2559B}.Release|Any CPU.Build.0 = Release|Any CPU
	EndGlobalSection
	GlobalSection(SolutionProperties) = preSolution
		HideSolutionNode = FALSE
	EndGlobalSection
	GlobalSection(ExtensibilityGlobals) = postSolution
		SolutionGuid = {FC767012-B8CC-4D49-BA26-7A3B88AF36AB}
	EndGlobalSection
EndGlobal
